
Microsoft Visual Studio Solution File, Format Version 12.00
# Visual Studio Version 17
VisualStudioVersion = 17.2.32602.215
MinimumVisualStudioVersion = 10.0.40219.1
Project("{8BC9CEB8-8B4A-11D0-8D11-00A0C91BC942}") = "PrimeEngine", "PrimeEngine\PrimeEngine.vcxproj", "{71EAF950-F60B-48B3-928B-FA8EAFEC1B91}"
EndProject
Global
	GlobalSection(SolutionConfigurationPlatforms) = preSolution
		Debug|x64 = Debug|x64
		Release|x64 = Release|x64
	EndGlobalSection
	GlobalSection(ProjectConfigurationPlatforms) = postSolution
		{71EAF950-F60B-48B3-928B-FA8EAFEC1B91}.Debug|x64.ActiveCfg = Debug|x64
		{71EAF950-F60B-48B3-928B-FA8EAFEC1B91}.Debug|x64.Build.0 = Debug|x64
		{71EAF950-F60B-48B3-928B-FA8EAFEC1B91}.Release|x64.ActiveCfg = Release|x64
		{71EAF950-F60B-48B3-928B-FA8EAFEC1B91}.Release|x64.Build.0 = Release|x64
	EndGlobalSection
	GlobalSection(SolutionProperties) = preSolution
		HideSolutionNode = FALSE
	EndGlobalSection
	GlobalSection(ExtensibilityGlobals) = postSolution
		SolutionGuid = {CC7D52DD-DF4E-4242-89F0-2B30156636E4}
	EndGlobalSection
EndGlobal
