<?xml version="1.0" encoding="utf-8"?>
<Project ToolsVersion="4.0" xmlns="http://schemas.microsoft.com/developer/msbuild/2003">
  <ItemGroup>
    <Filter Include="Source Files">
      <UniqueIdentifier>{4FC737F1-C7A5-4376-A066-2A32D752A2FF}</UniqueIdentifier>
      <Extensions>cpp;c;cc;cxx;c++;cppm;ixx;def;odl;idl;hpj;bat;asm;asmx</Extensions>
    </Filter>
    <Filter Include="Header Files">
      <UniqueIdentifier>{93995380-89BD-4b04-88EB-625FBE52EBFB}</UniqueIdentifier>
      <Extensions>h;hh;hpp;hxx;h++;hm;inl;inc;ipp;xsd</Extensions>
    </Filter>
    <Filter Include="Resource Files">
      <UniqueIdentifier>{67DA6AB6-F800-4c08-8B7A-83BB121AAD01}</UniqueIdentifier>
      <Extensions>rc;ico;cur;bmp;dlg;rc2;rct;bin;rgs;gif;jpg;jpeg;jpe;resx;tiff;tif;png;wav;mfcribbon-ms</Extensions>
    </Filter>
  </ItemGroup>
  <ItemGroup>
    <ClInclude Include="src\pch.h">
      <Filter>Header Files</Filter>
    </ClInclude>
    <ClInclude Include="src\Prime\PrimeApp.h">
      <Filter>Header Files</Filter>
    </ClInclude>
    <ClInclude Include="src\Prime.h">
      <Filter>Header Files</Filter>
    </ClInclude>
    <ClInclude Include="src\PrimeEntry.h">
      <Filter>Header Files</Filter>
    </ClInclude>
    <ClInclude Include="src\Prime\Logger.h">
      <Filter>Header Files</Filter>
    </ClInclude>
    <ClInclude Include="src\Prime\Core\PrimeWindow.h">
      <Filter>Header Files</Filter>
    </ClInclude>
    <ClInclude Include="src\Prime\Constants.h">
      <Filter>Header Files</Filter>
    </ClInclude>
    <ClInclude Include="src\Prime\Core\Graphics\D3D.h">
      <Filter>Header Files</Filter>
    </ClInclude>
    <ClInclude Include="src\Prime\Core\ServiceLocator\IService.h">
      <Filter>Header Files</Filter>
    </ClInclude>
    <ClInclude Include="src\Prime\Core\ServiceLocator\Locator.h">
      <Filter>Header Files</Filter>
    </ClInclude>
    <ClInclude Include="src\Prime\Core\Graphics\GraphicsEngine.h">
      <Filter>Header Files</Filter>
    </ClInclude>
    <ClInclude Include="src\Prime\Core\Graphics\Buffers.h">
      <Filter>Header Files</Filter>
    </ClInclude>
    <ClInclude Include="src\Prime\Core\Graphics\GraphicsFactory.h">
      <Filter>Header Files</Filter>
    </ClInclude>
    <ClInclude Include="src\Prime\Core\Graphics\Shaders.h">
      <Filter>Header Files</Filter>
    </ClInclude>
  </ItemGroup>
  <ItemGroup>
    <ClCompile Include="src\pch.cpp">
      <Filter>Source Files</Filter>
    </ClCompile>
    <ClCompile Include="src\Prime\PrimeApp.cpp">
      <Filter>Source Files</Filter>
    </ClCompile>
    <ClCompile Include="src\Prime\Core\PrimeWindow.cpp">
      <Filter>Source Files</Filter>
    </ClCompile>
    <ClCompile Include="src\Prime\Core\Graphics\D3D.cpp">
      <Filter>Source Files</Filter>
    </ClCompile>
    <ClCompile Include="src\Prime\Core\ServiceLocator\IService.cpp">
      <Filter>Source Files</Filter>
    </ClCompile>
    <ClCompile Include="src\Prime\Core\ServiceLocator\Locator.cpp">
      <Filter>Source Files</Filter>
    </ClCompile>
    <ClCompile Include="src\Prime\Core\Graphics\GraphicsEngine.cpp">
      <Filter>Source Files</Filter>
    </ClCompile>
    <ClCompile Include="src\Prime\Core\Graphics\GraphicsFactory.cpp">
      <Filter>Source Files</Filter>
    </ClCompile>
    <ClCompile Include="src\Prime\Core\Graphics\Shaders.cpp">
      <Filter>Source Files</Filter>
    </ClCompile>
  </ItemGroup>
  <ItemGroup>
    <None Include="packages.config" />
  </ItemGroup>
  <ItemGroup>
    <FxCompile Include="Shaders\DefaultVertex.hlsl" />
    <FxCompile Include="Shaders\DefaultPixel.hlsl" />
  </ItemGroup>
</Project>